
Microsoft Visual Studio Solution File, Format Version 12.00
# Visual Studio Version 17
VisualStudioVersion = 17.6.33815.320
MinimumVisualStudioVersion = 10.0.40219.1
Project("{2150E333-8FDC-42A3-9474-1A3956D46DE8}") = "Core", "Core", "{11C8D527-4CAC-4B7D-AA50-8BDA84A7CF61}"
EndProject
Project("{2150E333-8FDC-42A3-9474-1A3956D46DE8}") = "Infrastructure", "Infrastructure", "{554AC1A4-E18E-492A-850F-5ABBE99D26C5}"
EndProject
Project("{2150E333-8FDC-42A3-9474-1A3956D46DE8}") = "Presentation", "Presentation", "{44A03FD9-62E6-455C-A7A8-7E4AE1DDDCE0}"
EndProject
Project("{9A19103F-16F7-4668-BE54-9A1E7A4F7556}") = "Passwords.Domain", "Passwords.Domain\Passwords.Domain.csproj", "{5DC5CFB7-2E0C-4B51-8830-399CFF714D03}"
EndProject
Project("{9A19103F-16F7-4668-BE54-9A1E7A4F7556}") = "Passwords.Application", "Passwords.Application\Passwords.Application.csproj", "{6FCBA0A2-E93B-4DD6-B2EE-6B7F1454FF88}"
EndProject
Project("{9A19103F-16F7-4668-BE54-9A1E7A4F7556}") = "Passwords.Persistence", "Passwords.Persistence\Passwords.Persistence.csproj", "{A2DAE05B-D76D-4436-97C7-117CD43CD924}"
EndProject
Project("{9A19103F-16F7-4668-BE54-9A1E7A4F7556}") = "Passwords.WebApi", "Passwords.WebApi\Passwords.WebApi.csproj", "{14F52CAF-E3E2-453C-AF1B-1C2225076612}"
EndProject
Project("{2150E333-8FDC-42A3-9474-1A3956D46DE8}") = "Tests", "Tests", "{C7552CB6-FBE7-402D-8226-63C64DEBC93C}"
EndProject
Project("{FAE04EC0-301F-11D3-BF4B-00C04F79EFBC}") = "Passwords.Test", "Passwords.Test\Passwords.Test.csproj", "{34787BC1-A822-4975-92CF-B77B76F92889}"
EndProject
Global
	GlobalSection(SolutionConfigurationPlatforms) = preSolution
		Debug|Any CPU = Debug|Any CPU
		Release|Any CPU = Release|Any CPU
	EndGlobalSection
	GlobalSection(ProjectConfigurationPlatforms) = postSolution
		{5DC5CFB7-2E0C-4B51-8830-399CFF714D03}.Debug|Any CPU.ActiveCfg = Debug|Any CPU
		{5DC5CFB7-2E0C-4B51-8830-399CFF714D03}.Debug|Any CPU.Build.0 = Debug|Any CPU
		{5DC5CFB7-2E0C-4B51-8830-399CFF714D03}.Release|Any CPU.ActiveCfg = Release|Any CPU
		{5DC5CFB7-2E0C-4B51-8830-399CFF714D03}.Release|Any CPU.Build.0 = Release|Any CPU
		{6FCBA0A2-E93B-4DD6-B2EE-6B7F1454FF88}.Debug|Any CPU.ActiveCfg = Debug|Any CPU
		{6FCBA0A2-E93B-4DD6-B2EE-6B7F1454FF88}.Debug|Any CPU.Build.0 = Debug|Any CPU
		{6FCBA0A2-E93B-4DD6-B2EE-6B7F1454FF88}.Release|Any CPU.ActiveCfg = Release|Any CPU
		{6FCBA0A2-E93B-4DD6-B2EE-6B7F1454FF88}.Release|Any CPU.Build.0 = Release|Any CPU
		{A2DAE05B-D76D-4436-97C7-117CD43CD924}.Debug|Any CPU.ActiveCfg = Debug|Any CPU
		{A2DAE05B-D76D-4436-97C7-117CD43CD924}.Debug|Any CPU.Build.0 = Debug|Any CPU
		{A2DAE05B-D76D-4436-97C7-117CD43CD924}.Release|Any CPU.ActiveCfg = Release|Any CPU
		{A2DAE05B-D76D-4436-97C7-117CD43CD924}.Release|Any CPU.Build.0 = Release|Any CPU
		{14F52CAF-E3E2-453C-AF1B-1C2225076612}.Debug|Any CPU.ActiveCfg = Debug|Any CPU
		{14F52CAF-E3E2-453C-AF1B-1C2225076612}.Debug|Any CPU.Build.0 = Debug|Any CPU
		{14F52CAF-E3E2-453C-AF1B-1C2225076612}.Release|Any CPU.ActiveCfg = Release|Any CPU
		{14F52CAF-E3E2-453C-AF1B-1C2225076612}.Release|Any CPU.Build.0 = Release|Any CPU
		{34787BC1-A822-4975-92CF-B77B76F92889}.Debug|Any CPU.ActiveCfg = Debug|Any CPU
		{34787BC1-A822-4975-92CF-B77B76F92889}.Debug|Any CPU.Build.0 = Debug|Any CPU
		{34787BC1-A822-4975-92CF-B77B76F92889}.Release|Any CPU.ActiveCfg = Release|Any CPU
		{34787BC1-A822-4975-92CF-B77B76F92889}.Release|Any CPU.Build.0 = Release|Any CPU
	EndGlobalSection
	GlobalSection(SolutionProperties) = preSolution
		HideSolutionNode = FALSE
	EndGlobalSection
	GlobalSection(NestedProjects) = preSolution
		{5DC5CFB7-2E0C-4B51-8830-399CFF714D03} = {11C8D527-4CAC-4B7D-AA50-8BDA84A7CF61}
		{6FCBA0A2-E93B-4DD6-B2EE-6B7F1454FF88} = {11C8D527-4CAC-4B7D-AA50-8BDA84A7CF61}
		{A2DAE05B-D76D-4436-97C7-117CD43CD924} = {554AC1A4-E18E-492A-850F-5ABBE99D26C5}
		{14F52CAF-E3E2-453C-AF1B-1C2225076612} = {44A03FD9-62E6-455C-A7A8-7E4AE1DDDCE0}
		{34787BC1-A822-4975-92CF-B77B76F92889} = {C7552CB6-FBE7-402D-8226-63C64DEBC93C}
	EndGlobalSection
	GlobalSection(ExtensibilityGlobals) = postSolution
		SolutionGuid = {7626E714-964E-4576-B55D-9E98731EBF2D}
	EndGlobalSection
EndGlobal
